// !$*UTF8*$!
{
	archiveVersion = 1;
	classes = {
	};
	objectVersion = 46;
	objects = {

/* Begin PBXBuildFile section */
		339D94B11BD9E3F0007945C4 /* AppDelegate.swift in Sources */ = {isa = PBXBuildFile; fileRef = 339D94B01BD9E3F0007945C4 /* AppDelegate.swift */; };
		339D94B31BD9E3F0007945C4 /* ViewController.swift in Sources */ = {isa = PBXBuildFile; fileRef = 339D94B21BD9E3F0007945C4 /* ViewController.swift */; };
		339D94B61BD9E3F0007945C4 /* Main.storyboard in Resources */ = {isa = PBXBuildFile; fileRef = 339D94B41BD9E3F0007945C4 /* Main.storyboard */; };
		339D94B91BD9E3F0007945C4 /* FirstClass.xcdatamodeld in Sources */ = {isa = PBXBuildFile; fileRef = 339D94B71BD9E3F0007945C4 /* FirstClass.xcdatamodeld */; };
		339D94BB1BD9E3F0007945C4 /* Assets.xcassets in Resources */ = {isa = PBXBuildFile; fileRef = 339D94BA1BD9E3F0007945C4 /* Assets.xcassets */; };
		339D94BE1BD9E3F0007945C4 /* LaunchScreen.storyboard in Resources */ = {isa = PBXBuildFile; fileRef = 339D94BC1BD9E3F0007945C4 /* LaunchScreen.storyboard */; };
		339D94C91BD9E3F0007945C4 /* FirstClassTests.swift in Sources */ = {isa = PBXBuildFile; fileRef = 339D94C81BD9E3F0007945C4 /* FirstClassTests.swift */; };
		339D94D41BD9E3F1007945C4 /* FirstClassUITests.swift in Sources */ = {isa = PBXBuildFile; fileRef = 339D94D31BD9E3F1007945C4 /* FirstClassUITests.swift */; };
		33C431F21BE8644400736A1F /* TabbarViewController.swift in Sources */ = {isa = PBXBuildFile; fileRef = 33C431F11BE8644400736A1F /* TabbarViewController.swift */; };
		33C431F41BE8BB6000736A1F /* MessageTableViewController.swift in Sources */ = {isa = PBXBuildFile; fileRef = 33C431F31BE8BB6000736A1F /* MessageTableViewController.swift */; };
		33C431F71BE9A72E00736A1F /* MessageModel.swift in Sources */ = {isa = PBXBuildFile; fileRef = 33C431F61BE9A72E00736A1F /* MessageModel.swift */; };
/* End PBXBuildFile section */

/* Begin PBXContainerItemProxy section */
		339D94C51BD9E3F0007945C4 /* PBXContainerItemProxy */ = {
			isa = PBXContainerItemProxy;
			containerPortal = 339D94A51BD9E3EF007945C4 /* Project object */;
			proxyType = 1;
			remoteGlobalIDString = 339D94AC1BD9E3EF007945C4;
			remoteInfo = FirstClass;
		};
		339D94D01BD9E3F1007945C4 /* PBXContainerItemProxy */ = {
			isa = PBXContainerItemProxy;
			containerPortal = 339D94A51BD9E3EF007945C4 /* Project object */;
			proxyType = 1;
			remoteGlobalIDString = 339D94AC1BD9E3EF007945C4;
			remoteInfo = FirstClass;
		};
/* End PBXContainerItemProxy section */

/* Begin PBXFileReference section */
		339D94AD1BD9E3F0007945C4 /* FirstClass.app */ = {isa = PBXFileReference; explicitFileType = wrapper.application; includeInIndex = 0; path = FirstClass.app; sourceTree = BUILT_PRODUCTS_DIR; };
		339D94B01BD9E3F0007945C4 /* AppDelegate.swift */ = {isa = PBXFileReference; lastKnownFileType = sourcecode.swift; path = AppDelegate.swift; sourceTree = "<group>"; };
		339D94B21BD9E3F0007945C4 /* ViewController.swift */ = {isa = PBXFileReference; lastKnownFileType = sourcecode.swift; path = ViewController.swift; sourceTree = "<group>"; };
		339D94B51BD9E3F0007945C4 /* Base */ = {isa = PBXFileReference; lastKnownFileType = file.storyboard; name = Base; path = Base.lproj/Main.storyboard; sourceTree = "<group>"; };
		339D94B81BD9E3F0007945C4 /* FirstClass.xcdatamodel */ = {isa = PBXFileReference; lastKnownFileType = wrapper.xcdatamodel; path = FirstClass.xcdatamodel; sourceTree = "<group>"; };
		339D94BA1BD9E3F0007945C4 /* Assets.xcassets */ = {isa = PBXFileReference; lastKnownFileType = folder.assetcatalog; path = Assets.xcassets; sourceTree = "<group>"; };
		339D94BD1BD9E3F0007945C4 /* Base */ = {isa = PBXFileReference; lastKnownFileType = file.storyboard; name = Base; path = Base.lproj/LaunchScreen.storyboard; sourceTree = "<group>"; };
		339D94BF1BD9E3F0007945C4 /* Info.plist */ = {isa = PBXFileReference; lastKnownFileType = text.plist.xml; path = Info.plist; sourceTree = "<group>"; };
		339D94C41BD9E3F0007945C4 /* FirstClassTests.xctest */ = {isa = PBXFileReference; explicitFileType = wrapper.cfbundle; includeInIndex = 0; path = FirstClassTests.xctest; sourceTree = BUILT_PRODUCTS_DIR; };
		339D94C81BD9E3F0007945C4 /* FirstClassTests.swift */ = {isa = PBXFileReference; lastKnownFileType = sourcecode.swift; path = FirstClassTests.swift; sourceTree = "<group>"; };
		339D94CA1BD9E3F0007945C4 /* Info.plist */ = {isa = PBXFileReference; lastKnownFileType = text.plist.xml; path = Info.plist; sourceTree = "<group>"; };
		339D94CF1BD9E3F1007945C4 /* FirstClassUITests.xctest */ = {isa = PBXFileReference; explicitFileType = wrapper.cfbundle; includeInIndex = 0; path = FirstClassUITests.xctest; sourceTree = BUILT_PRODUCTS_DIR; };
		339D94D31BD9E3F1007945C4 /* FirstClassUITests.swift */ = {isa = PBXFileReference; lastKnownFileType = sourcecode.swift; path = FirstClassUITests.swift; sourceTree = "<group>"; };
		339D94D51BD9E3F1007945C4 /* Info.plist */ = {isa = PBXFileReference; lastKnownFileType = text.plist.xml; path = Info.plist; sourceTree = "<group>"; };
		33C431F11BE8644400736A1F /* TabbarViewController.swift */ = {isa = PBXFileReference; fileEncoding = 4; lastKnownFileType = sourcecode.swift; path = TabbarViewController.swift; sourceTree = "<group>"; };
		33C431F31BE8BB6000736A1F /* MessageTableViewController.swift */ = {isa = PBXFileReference; fileEncoding = 4; lastKnownFileType = sourcecode.swift; path = MessageTableViewController.swift; sourceTree = "<group>"; };
		33C431F61BE9A72E00736A1F /* MessageModel.swift */ = {isa = PBXFileReference; fileEncoding = 4; lastKnownFileType = sourcecode.swift; path = MessageModel.swift; sourceTree = "<group>"; };
/* End PBXFileReference section */

/* Begin PBXFrameworksBuildPhase section */
		339D94AA1BD9E3EF007945C4 /* Frameworks */ = {
			isa = PBXFrameworksBuildPhase;
			buildActionMask = 2147483647;
			files = (
			);
			runOnlyForDeploymentPostprocessing = 0;
		};
		339D94C11BD9E3F0007945C4 /* Frameworks */ = {
			isa = PBXFrameworksBuildPhase;
			buildActionMask = 2147483647;
			files = (
			);
			runOnlyForDeploymentPostprocessing = 0;
		};
		339D94CC1BD9E3F0007945C4 /* Frameworks */ = {
			isa = PBXFrameworksBuildPhase;
			buildActionMask = 2147483647;
			files = (
			);
			runOnlyForDeploymentPostprocessing = 0;
		};
/* End PBXFrameworksBuildPhase section */

/* Begin PBXGroup section */
		339D94A41BD9E3EF007945C4 = {
			isa = PBXGroup;
			children = (
				339D94AF1BD9E3F0007945C4 /* FirstClass */,
				339D94C71BD9E3F0007945C4 /* FirstClassTests */,
				339D94D21BD9E3F1007945C4 /* FirstClassUITests */,
				339D94AE1BD9E3F0007945C4 /* Products */,
			);
			sourceTree = "<group>";
		};
		339D94AE1BD9E3F0007945C4 /* Products */ = {
			isa = PBXGroup;
			children = (
				339D94AD1BD9E3F0007945C4 /* FirstClass.app */,
				339D94C41BD9E3F0007945C4 /* FirstClassTests.xctest */,
				339D94CF1BD9E3F1007945C4 /* FirstClassUITests.xctest */,
			);
			name = Products;
			sourceTree = "<group>";
		};
		339D94AF1BD9E3F0007945C4 /* FirstClass */ = {
			isa = PBXGroup;
			children = (
				33C431F51BE9A70E00736A1F /* Model */,
				339D94B01BD9E3F0007945C4 /* AppDelegate.swift */,
				339D94B21BD9E3F0007945C4 /* ViewController.swift */,
				339D94B41BD9E3F0007945C4 /* Main.storyboard */,
				339D94BA1BD9E3F0007945C4 /* Assets.xcassets */,
				339D94BC1BD9E3F0007945C4 /* LaunchScreen.storyboard */,
				339D94BF1BD9E3F0007945C4 /* Info.plist */,
				339D94B71BD9E3F0007945C4 /* FirstClass.xcdatamodeld */,
				33C431F11BE8644400736A1F /* TabbarViewController.swift */,
				33C431F31BE8BB6000736A1F /* MessageTableViewController.swift */,
			);
			path = FirstClass;
			sourceTree = "<group>";
		};
		339D94C71BD9E3F0007945C4 /* FirstClassTests */ = {
			isa = PBXGroup;
			children = (
				339D94C81BD9E3F0007945C4 /* FirstClassTests.swift */,
				339D94CA1BD9E3F0007945C4 /* Info.plist */,
			);
			path = FirstClassTests;
			sourceTree = "<group>";
		};
		339D94D21BD9E3F1007945C4 /* FirstClassUITests */ = {
			isa = PBXGroup;
			children = (
				339D94D31BD9E3F1007945C4 /* FirstClassUITests.swift */,
				339D94D51BD9E3F1007945C4 /* Info.plist */,
			);
			path = FirstClassUITests;
			sourceTree = "<group>";
		};
		33C431F51BE9A70E00736A1F /* Model */ = {
			isa = PBXGroup;
			children = (
				33C431F61BE9A72E00736A1F /* MessageModel.swift */,
			);
			name = Model;
			sourceTree = "<group>";
		};
/* End PBXGroup section */

/* Begin PBXNativeTarget section */
		339D94AC1BD9E3EF007945C4 /* FirstClass */ = {
			isa = PBXNativeTarget;
			buildConfigurationList = 339D94D81BD9E3F1007945C4 /* Build configuration list for PBXNativeTarget "FirstClass" */;
			buildPhases = (
				339D94A91BD9E3EF007945C4 /* Sources */,
				339D94AA1BD9E3EF007945C4 /* Frameworks */,
				339D94AB1BD9E3EF007945C4 /* Resources */,
			);
			buildRules = (
			);
			dependencies = (
			);
			name = FirstClass;
			productName = FirstClass;
			productReference = 339D94AD1BD9E3F0007945C4 /* FirstClass.app */;
			productType = "com.apple.product-type.application";
		};
		339D94C31BD9E3F0007945C4 /* FirstClassTests */ = {
			isa = PBXNativeTarget;
			buildConfigurationList = 339D94DB1BD9E3F1007945C4 /* Build configuration list for PBXNativeTarget "FirstClassTests" */;
			buildPhases = (
				339D94C01BD9E3F0007945C4 /* Sources */,
				339D94C11BD9E3F0007945C4 /* Frameworks */,
				339D94C21BD9E3F0007945C4 /* Resources */,
			);
			buildRules = (
			);
			dependencies = (
				339D94C61BD9E3F0007945C4 /* PBXTargetDependency */,
			);
			name = FirstClassTests;
			productName = FirstClassTests;
			productReference = 339D94C41BD9E3F0007945C4 /* FirstClassTests.xctest */;
			productType = "com.apple.product-type.bundle.unit-test";
		};
		339D94CE1BD9E3F0007945C4 /* FirstClassUITests */ = {
			isa = PBXNativeTarget;
			buildConfigurationList = 339D94DE1BD9E3F1007945C4 /* Build configuration list for PBXNativeTarget "FirstClassUITests" */;
			buildPhases = (
				339D94CB1BD9E3F0007945C4 /* Sources */,
				339D94CC1BD9E3F0007945C4 /* Frameworks */,
				339D94CD1BD9E3F0007945C4 /* Resources */,
			);
			buildRules = (
			);
			dependencies = (
				339D94D11BD9E3F1007945C4 /* PBXTargetDependency */,
			);
			name = FirstClassUITests;
			productName = FirstClassUITests;
			productReference = 339D94CF1BD9E3F1007945C4 /* FirstClassUITests.xctest */;
			productType = "com.apple.product-type.bundle.ui-testing";
		};
/* End PBXNativeTarget section */

/* Begin PBXProject section */
		339D94A51BD9E3EF007945C4 /* Project object */ = {
			isa = PBXProject;
			attributes = {
				LastUpgradeCheck = 0700;
				ORGANIZATIONNAME = chinasap;
				TargetAttributes = {
					339D94AC1BD9E3EF007945C4 = {
						CreatedOnToolsVersion = 7.0.1;
					};
					339D94C31BD9E3F0007945C4 = {
						CreatedOnToolsVersion = 7.0.1;
						TestTargetID = 339D94AC1BD9E3EF007945C4;
					};
					339D94CE1BD9E3F0007945C4 = {
						CreatedOnToolsVersion = 7.0.1;
						TestTargetID = 339D94AC1BD9E3EF007945C4;
					};
				};
			};
			buildConfigurationList = 339D94A81BD9E3EF007945C4 /* Build configuration list for PBXProject "FirstClass" */;
			compatibilityVersion = "Xcode 3.2";
			developmentRegion = English;
			hasScannedForEncodings = 0;
			knownRegions = (
				en,
				Base,
			);
			mainGroup = 339D94A41BD9E3EF007945C4;
			productRefGroup = 339D94AE1BD9E3F0007945C4 /* Products */;
			projectDirPath = "";
			projectRoot = "";
			targets = (
				339D94AC1BD9E3EF007945C4 /* FirstClass */,
				339D94C31BD9E3F0007945C4 /* FirstClassTests */,
				339D94CE1BD9E3F0007945C4 /* FirstClassUITests */,
			);
		};
/* End PBXProject section */

/* Begin PBXResourcesBuildPhase section */
		339D94AB1BD9E3EF007945C4 /* Resources */ = {
			isa = PBXResourcesBuildPhase;
			buildActionMask = 2147483647;
			files = (
				339D94BE1BD9E3F0007945C4 /* LaunchScreen.storyboard in Resources */,
				339D94BB1BD9E3F0007945C4 /* Assets.xcassets in Resources */,
				339D94B61BD9E3F0007945C4 /* Main.storyboard in Resources */,
			);
			runOnlyForDeploymentPostprocessing = 0;
		};
		339D94C21BD9E3F0007945C4 /* Resources */ = {
			isa = PBXResourcesBuildPhase;
			buildActionMask = 2147483647;
			files = (
			);
			runOnlyForDeploymentPostprocessing = 0;
		};
		339D94CD1BD9E3F0007945C4 /* Resources */ = {
			isa = PBXResourcesBuildPhase;
			buildActionMask = 2147483647;
			files = (
			);
			runOnlyForDeploymentPostprocessing = 0;
		};
/* End PBXResourcesBuildPhase section */

/* Begin PBXSourcesBuildPhase section */
		339D94A91BD9E3EF007945C4 /* Sources */ = {
			isa = PBXSourcesBuildPhase;
			buildActionMask = 2147483647;
			files = (
				33C431F21BE8644400736A1F /* TabbarViewController.swift in Sources */,
				33C431F71BE9A72E00736A1F /* MessageModel.swift in Sources */,
				339D94B31BD9E3F0007945C4 /* ViewController.swift in Sources */,
				33C431F41BE8BB6000736A1F /* MessageTableViewController.swift in Sources */,
				339D94B11BD9E3F0007945C4 /* AppDelegate.swift in Sources */,
				339D94B91BD9E3F0007945C4 /* FirstClass.xcdatamodeld in Sources */,
			);
			runOnlyForDeploymentPostprocessing = 0;
		};
		339D94C01BD9E3F0007945C4 /* Sources */ = {
			isa = PBXSourcesBuildPhase;
			buildActionMask = 2147483647;
			files = (
				339D94C91BD9E3F0007945C4 /* FirstClassTests.swift in Sources */,
			);
			runOnlyForDeploymentPostprocessing = 0;
		};
		339D94CB1BD9E3F0007945C4 /* Sources */ = {
			isa = PBXSourcesBuildPhase;
			buildActionMask = 2147483647;
			files = (
				339D94D41BD9E3F1007945C4 /* FirstClassUITests.swift in Sources */,
			);
			runOnlyForDeploymentPostprocessing = 0;
		};
/* End PBXSourcesBuildPhase section */

/* Begin PBXTargetDependency section */
		339D94C61BD9E3F0007945C4 /* PBXTargetDependency */ = {
			isa = PBXTargetDependency;
			target = 339D94AC1BD9E3EF007945C4 /* FirstClass */;
			targetProxy = 339D94C51BD9E3F0007945C4 /* PBXContainerItemProxy */;
		};
		339D94D11BD9E3F1007945C4 /* PBXTargetDependency */ = {
			isa = PBXTargetDependency;
			target = 339D94AC1BD9E3EF007945C4 /* FirstClass */;
			targetProxy = 339D94D01BD9E3F1007945C4 /* PBXContainerItemProxy */;
		};
/* End PBXTargetDependency section */

/* Begin PBXVariantGroup section */
		339D94B41BD9E3F0007945C4 /* Main.storyboard */ = {
			isa = PBXVariantGroup;
			children = (
				339D94B51BD9E3F0007945C4 /* Base */,
			);
			name = Main.storyboard;
			sourceTree = "<group>";
		};
		339D94BC1BD9E3F0007945C4 /* LaunchScreen.storyboard */ = {
			isa = PBXVariantGroup;
			children = (
				339D94BD1BD9E3F0007945C4 /* Base */,
			);
			name = LaunchScreen.storyboard;
			sourceTree = "<group>";
		};
/* End PBXVariantGroup section */

/* Begin XCBuildConfiguration section */
		339D94D61BD9E3F1007945C4 /* Debug */ = {
			isa = XCBuildConfiguration;
			buildSettings = {
				ALWAYS_SEARCH_USER_PATHS = NO;
				CLANG_CXX_LANGUAGE_STANDARD = "gnu++0x";
				CLANG_CXX_LIBRARY = "libc++";
				CLANG_ENABLE_MODULES = YES;
				CLANG_ENABLE_OBJC_ARC = YES;
				CLANG_WARN_BOOL_CONVERSION = YES;
				CLANG_WARN_CONSTANT_CONVERSION = YES;
				CLANG_WARN_DIRECT_OBJC_ISA_USAGE = YES_ERROR;
				CLANG_WARN_EMPTY_BODY = YES;
				CLANG_WARN_ENUM_CONVERSION = YES;
				CLANG_WARN_INT_CONVERSION = YES;
				CLANG_WARN_OBJC_ROOT_CLASS = YES_ERROR;
				CLANG_WARN_UNREACHABLE_CODE = YES;
				CLANG_WARN__DUPLICATE_METHOD_MATCH = YES;
				"CODE_SIGN_IDENTITY[sdk=iphoneos*]" = "iPhone Developer";
				COPY_PHASE_STRIP = NO;
				DEBUG_INFORMATION_FORMAT = dwarf;
				ENABLE_STRICT_OBJC_MSGSEND = YES;
				ENABLE_TESTABILITY = YES;
				GCC_C_LANGUAGE_STANDARD = gnu99;
				GCC_DYNAMIC_NO_PIC = NO;
				GCC_NO_COMMON_BLOCKS = YES;
				GCC_OPTIMIZATION_LEVEL = 0;
				GCC_PREPROCESSOR_DEFINITIONS = (
					"DEBUG=1",
					"$(inherited)",
				);
				GCC_WARN_64_TO_32_BIT_CONVERSION = YES;
				GCC_WARN_ABOUT_RETURN_TYPE = YES_ERROR;
				GCC_WARN_UNDECLARED_SELECTOR = YES;
				GCC_WARN_UNINITIALIZED_AUTOS = YES_AGGRESSIVE;
				GCC_WARN_UNUSED_FUNCTION = YES;
				GCC_WARN_UNUSED_VARIABLE = YES;
				IPHONEOS_DEPLOYMENT_TARGET = 9.0;
				MTL_ENABLE_DEBUG_INFO = YES;
				ONLY_ACTIVE_ARCH = YES;
				SDKROOT = iphoneos;
				SWIFT_OPTIMIZATION_LEVEL = "-Onone";
			};
			name = Debug;
		};
		339D94D71BD9E3F1007945C4 /* Release */ = {
			isa = XCBuildConfiguration;
			buildSettings = {
				ALWAYS_SEARCH_USER_PATHS = NO;
				CLANG_CXX_LANGUAGE_STANDARD = "gnu++0x";
				CLANG_CXX_LIBRARY = "libc++";
				CLANG_ENABLE_MODULES = YES;
				CLANG_ENABLE_OBJC_ARC = YES;
				CLANG_WARN_BOOL_CONVERSION = YES;
				CLANG_WARN_CONSTANT_CONVERSION = YES;
				CLANG_WARN_DIRECT_OBJC_ISA_USAGE = YES_ERROR;
				CLANG_WARN_EMPTY_BODY = YES;
				CLANG_WARN_ENUM_CONVERSION = YES;
				CLANG_WARN_INT_CONVERSION = YES;
				CLANG_WARN_OBJC_ROOT_CLASS = YES_ERROR;
				CLANG_WARN_UNREACHABLE_CODE = YES;
				CLANG_WARN__DUPLICATE_METHOD_MATCH = YES;
				"CODE_SIGN_IDENTITY[sdk=iphoneos*]" = "iPhone Developer";
				COPY_PHASE_STRIP = NO;
				DEBUG_INFORMATION_FORMAT = "dwarf-with-dsym";
				ENABLE_NS_ASSERTIONS = NO;
				ENABLE_STRICT_OBJC_MSGSEND = YES;
				GCC_C_LANGUAGE_STANDARD = gnu99;
				GCC_NO_COMMON_BLOCKS = YES;
				GCC_WARN_64_TO_32_BIT_CONVERSION = YES;
				GCC_WARN_ABOUT_RETURN_TYPE = YES_ERROR;
				GCC_WARN_UNDECLARED_SELECTOR = YES;
				GCC_WARN_UNINITIALIZED_AUTOS = YES_AGGRESSIVE;
				GCC_WARN_UNUSED_FUNCTION = YES;
				GCC_WARN_UNUSED_VARIABLE = YES;
				IPHONEOS_DEPLOYMENT_TARGET = 9.0;
				MTL_ENABLE_DEBUG_INFO = NO;
				SDKROOT = iphoneos;
				VALIDATE_PRODUCT = YES;
			};
			name = Release;
		};
		339D94D91BD9E3F1007945C4 /* Debug */ = {
			isa = XCBuildConfiguration;
			buildSettings = {
				ASSETCATALOG_COMPILER_APPICON_NAME = AppIcon;
				INFOPLIST_FILE = FirstClass/Info.plist;
				LD_RUNPATH_SEARCH_PATHS = "$(inherited) @executable_path/Frameworks";
				PRODUCT_BUNDLE_IDENTIFIER = com.chinasap.FirstClass;
				PRODUCT_NAME = "$(TARGET_NAME)";
			};
			name = Debug;
		};
		339D94DA1BD9E3F1007945C4 /* Release */ = {
			isa = XCBuildConfiguration;
			buildSettings = {
				ASSETCATALOG_COMPILER_APPICON_NAME = AppIcon;
				INFOPLIST_FILE = FirstClass/Info.plist;
				LD_RUNPATH_SEARCH_PATHS = "$(inherited) @executable_path/Frameworks";
				PRODUCT_BUNDLE_IDENTIFIER = com.chinasap.FirstClass;
				PRODUCT_NAME = "$(TARGET_NAME)";
			};
			name = Release;
		};
		339D94DC1BD9E3F1007945C4 /* Debug */ = {
			isa = XCBuildConfiguration;
			buildSettings = {
				BUNDLE_LOADER = "$(TEST_HOST)";
				INFOPLIST_FILE = FirstClassTests/Info.plist;
				LD_RUNPATH_SEARCH_PATHS = "$(inherited) @executable_path/Frameworks @loader_path/Frameworks";
				PRODUCT_BUNDLE_IDENTIFIER = com.chinasap.FirstClassTests;
				PRODUCT_NAME = "$(TARGET_NAME)";
				TEST_HOST = "$(BUILT_PRODUCTS_DIR)/FirstClass.app/FirstClass";
			};
			name = Debug;
		};
		339D94DD1BD9E3F1007945C4 /* Release */ = {
			isa = XCBuildConfiguration;
			buildSettings = {
				BUNDLE_LOADER = "$(TEST_HOST)";
				INFOPLIST_FILE = FirstClassTests/Info.plist;
				LD_RUNPATH_SEARCH_PATHS = "$(inherited) @executable_path/Frameworks @loader_path/Frameworks";
				PRODUCT_BUNDLE_IDENTIFIER = com.chinasap.FirstClassTests;
				PRODUCT_NAME = "$(TARGET_NAME)";
				TEST_HOST = "$(BUILT_PRODUCTS_DIR)/FirstClass.app/FirstClass";
			};
			name = Release;
		};
		339D94DF1BD9E3F1007945C4 /* Debug */ = {
			isa = XCBuildConfiguration;
			buildSettings = {
				INFOPLIST_FILE = FirstClassUITests/Info.plist;
				LD_RUNPATH_SEARCH_PATHS = "$(inherited) @executable_path/Frameworks @loader_path/Frameworks";
				PRODUCT_BUNDLE_IDENTIFIER = com.chinasap.FirstClassUITests;
				PRODUCT_NAME = "$(TARGET_NAME)";
				TEST_TARGET_NAME = FirstClass;
				USES_XCTRUNNER = YES;
			};
			name = Debug;
		};
		339D94E01BD9E3F1007945C4 /* Release */ = {
			isa = XCBuildConfiguration;
			buildSettings = {
				INFOPLIST_FILE = FirstClassUITests/Info.plist;
				LD_RUNPATH_SEARCH_PATHS = "$(inherited) @executable_path/Frameworks @loader_path/Frameworks";
				PRODUCT_BUNDLE_IDENTIFIER = com.chinasap.FirstClassUITests;
				PRODUCT_NAME = "$(TARGET_NAME)";
				TEST_TARGET_NAME = FirstClass;
				USES_XCTRUNNER = YES;
			};
			name = Release;
		};
/* End XCBuildConfiguration section */

/* Begin XCConfigurationList section */
		339D94A81BD9E3EF007945C4 /* Build configuration list for PBXProject "FirstClass" */ = {
			isa = XCConfigurationList;
			buildConfigurations = (
				339D94D61BD9E3F1007945C4 /* Debug */,
				339D94D71BD9E3F1007945C4 /* Release */,
			);
			defaultConfigurationIsVisible = 0;
			defaultConfigurationName = Release;
		};
		339D94D81BD9E3F1007945C4 /* Build configuration list for PBXNativeTarget "FirstClass" */ = {
			isa = XCConfigurationList;
			buildConfigurations = (
				339D94D91BD9E3F1007945C4 /* Debug */,
				339D94DA1BD9E3F1007945C4 /* Release */,
			);
			defaultConfigurationIsVisible = 0;
			defaultConfigurationName = Release;
		};
		339D94DB1BD9E3F1007945C4 /* Build configuration list for PBXNativeTarget "FirstClassTests" */ = {
			isa = XCConfigurationList;
			buildConfigurations = (
				339D94DC1BD9E3F1007945C4 /* Debug */,
				339D94DD1BD9E3F1007945C4 /* Release */,
			);
			defaultConfigurationIsVisible = 0;
			defaultConfigurationName = Release;
		};
		339D94DE1BD9E3F1007945C4 /* Build configuration list for PBXNativeTarget "FirstClassUITests" */ = {
			isa = XCConfigurationList;
			buildConfigurations = (
				339D94DF1BD9E3F1007945C4 /* Debug */,
				339D94E01BD9E3F1007945C4 /* Release */,
			);
			defaultConfigurationIsVisible = 0;
			defaultConfigurationName = Release;
		};
/* End XCConfigurationList section */

/* Begin XCVersionGroup section */
		339D94B71BD9E3F0007945C4 /* FirstClass.xcdatamodeld */ = {
			isa = XCVersionGroup;
			children = (
				339D94B81BD9E3F0007945C4 /* FirstClass.xcdatamodel */,
			);
			currentVersion = 339D94B81BD9E3F0007945C4 /* FirstClass.xcdatamodel */;
			path = FirstClass.xcdatamodeld;
			sourceTree = "<group>";
			versionGroupType = wrapper.xcdatamodel;
		};
/* End XCVersionGroup section */
	};
	rootObject = 339D94A51BD9E3EF007945C4 /* Project object */;
}
